<?xml version="1.0" encoding="utf-8"?>
<Project ToolsVersion="4.0" xmlns="http://schemas.microsoft.com/developer/msbuild/2003">
  <ItemGroup>
    <Filter Include="Source Files">
      <UniqueIdentifier>{0d59eaa7-d1e0-4ca8-a706-9bcc20e2b0a1}</UniqueIdentifier>
      <Extensions>cpp;c;cxx;rc;def;r;odl;idl;hpj;bat</Extensions>
    </Filter>
    <Filter Include="Header Files">
      <UniqueIdentifier>{42503d11-a7ea-4e23-9200-c326e5649786}</UniqueIdentifier>
      <Extensions>h;hpp;hxx;hm;inl</Extensions>
    </Filter>
    <Filter Include="Resource Files">
      <UniqueIdentifier>{fd2af61d-c3c8-49c8-b703-6be39a0f500e}</UniqueIdentifier>
      <Extensions>ico;cur;bmp;dlg;rc2;rct;bin;rgs;gif;jpg;jpeg;jpe</Extensions>
    </Filter>
    <Filter Include="Ultimate Grid">
      <UniqueIdentifier>{cc293d64-e82d-4787-982c-cc673d72fa73}</UniqueIdentifier>
    </Filter>
    <Filter Include="Ultimate Grid\Source">
      <UniqueIdentifier>{72927550-1ce8-4344-965d-986623a092bb}</UniqueIdentifier>
    </Filter>
    <Filter Include="Ultimate Grid\Include">
      <UniqueIdentifier>{b082f4e4-83f4-4151-b51c-1852504c4013}</UniqueIdentifier>
    </Filter>
  </ItemGroup>
  <ItemGroup>
    <ClCompile Include="BuscarDlg.cpp">
      <Filter>Source Files</Filter>
    </ClCompile>
    <ClCompile Include="Cache2003.cpp">
      <Filter>Source Files</Filter>
    </ClCompile>
    <ClCompile Include="Cache2003Doc.cpp">
      <Filter>Source Files</Filter>
    </ClCompile>
    <ClCompile Include="Cache2003View.cpp">
      <Filter>Source Files</Filter>
    </ClCompile>
    <ClCompile Include="ColoresDlg.cpp">
      <Filter>Source Files</Filter>
    </ClCompile>
    <ClCompile Include="Datos.cpp">
      <Filter>Source Files</Filter>
    </ClCompile>
    <ClCompile Include="DatosDlg.cpp">
      <Filter>Source Files</Filter>
    </ClCompile>
    <ClCompile Include="DireccionDlg.cpp">
      <Filter>Source Files</Filter>
    </ClCompile>
    <ClCompile Include="EscrituraDlg.cpp">
      <Filter>Source Files</Filter>
    </ClCompile>
    <ClCompile Include="EstadisticasDlg.cpp">
      <Filter>Source Files</Filter>
    </ClCompile>
    <ClCompile Include="font.cpp">
      <Filter>Source Files</Filter>
    </ClCompile>
    <ClCompile Include="MainFrm.cpp">
      <Filter>Source Files</Filter>
    </ClCompile>
    <ClCompile Include="MemoriasDlg.cpp">
      <Filter>Source Files</Filter>
    </ClCompile>
    <ClCompile Include="mschart.cpp">
      <Filter>Source Files</Filter>
    </ClCompile>
    <ClCompile Include="msflexgrid.cpp">
      <Filter>Source Files</Filter>
    </ClCompile>
    <ClCompile Include="Parametros.cpp">
      <Filter>Source Files</Filter>
    </ClCompile>
    <ClCompile Include="PoliticasDlg.cpp">
      <Filter>Source Files</Filter>
    </ClCompile>
    <ClCompile Include="Secuencia.cpp">
      <Filter>Source Files</Filter>
    </ClCompile>
    <ClCompile Include="SimulacionDlg.cpp">
      <Filter>Source Files</Filter>
    </ClCompile>
    <ClCompile Include="Splash.cpp">
      <Filter>Source Files</Filter>
    </ClCompile>
    <ClCompile Include="StdAfx.cpp">
      <Filter>Source Files</Filter>
    </ClCompile>
    <ClCompile Include="TiemposDlg.cpp">
      <Filter>Source Files</Filter>
    </ClCompile>
    <ClCompile Include="vcaxis.cpp">
      <Filter>Source Files</Filter>
    </ClCompile>
    <ClCompile Include="vcaxisgrid.cpp">
      <Filter>Source Files</Filter>
    </ClCompile>
    <ClCompile Include="vcaxisscale.cpp">
      <Filter>Source Files</Filter>
    </ClCompile>
    <ClCompile Include="vcaxistitle.cpp">
      <Filter>Source Files</Filter>
    </ClCompile>
    <ClCompile Include="vcbackdrop.cpp">
      <Filter>Source Files</Filter>
    </ClCompile>
    <ClCompile Include="vcbrush.cpp">
      <Filter>Source Files</Filter>
    </ClCompile>
    <ClCompile Include="vccategoryscale.cpp">
      <Filter>Source Files</Filter>
    </ClCompile>
    <ClCompile Include="vccolor.cpp">
      <Filter>Source Files</Filter>
    </ClCompile>
    <ClCompile Include="vccoor.cpp">
      <Filter>Source Files</Filter>
    </ClCompile>
    <ClCompile Include="vcdatagrid.cpp">
      <Filter>Source Files</Filter>
    </ClCompile>
    <ClCompile Include="vcdatapoint.cpp">
      <Filter>Source Files</Filter>
    </ClCompile>
    <ClCompile Include="vcdatapointlabel.cpp">
      <Filter>Source Files</Filter>
    </ClCompile>
    <ClCompile Include="vcdatapoints.cpp">
      <Filter>Source Files</Filter>
    </ClCompile>
    <ClCompile Include="vcfill.cpp">
      <Filter>Source Files</Filter>
    </ClCompile>
    <ClCompile Include="vcfont.cpp">
      <Filter>Source Files</Filter>
    </ClCompile>
    <ClCompile Include="vcfootnote.cpp">
      <Filter>Source Files</Filter>
    </ClCompile>
    <ClCompile Include="vcframe.cpp">
      <Filter>Source Files</Filter>
    </ClCompile>
    <ClCompile Include="vcintersection.cpp">
      <Filter>Source Files</Filter>
    </ClCompile>
    <ClCompile Include="vclabel.cpp">
      <Filter>Source Files</Filter>
    </ClCompile>
    <ClCompile Include="vclabels.cpp">
      <Filter>Source Files</Filter>
    </ClCompile>
    <ClCompile Include="vclcoor.cpp">
      <Filter>Source Files</Filter>
    </ClCompile>
    <ClCompile Include="vclegend.cpp">
      <Filter>Source Files</Filter>
    </ClCompile>
    <ClCompile Include="vclight.cpp">
      <Filter>Source Files</Filter>
    </ClCompile>
    <ClCompile Include="vclightsource.cpp">
      <Filter>Source Files</Filter>
    </ClCompile>
    <ClCompile Include="vclightsources.cpp">
      <Filter>Source Files</Filter>
    </ClCompile>
    <ClCompile Include="vclocation.cpp">
      <Filter>Source Files</Filter>
    </ClCompile>
    <ClCompile Include="vcmarker.cpp">
      <Filter>Source Files</Filter>
    </ClCompile>
    <ClCompile Include="vcpen.cpp">
      <Filter>Source Files</Filter>
    </ClCompile>
    <ClCompile Include="vcplot.cpp">
      <Filter>Source Files</Filter>
    </ClCompile>
    <ClCompile Include="vcplotbase.cpp">
      <Filter>Source Files</Filter>
    </ClCompile>
    <ClCompile Include="vcrect.cpp">
      <Filter>Source Files</Filter>
    </ClCompile>
    <ClCompile Include="vcseries.cpp">
      <Filter>Source Files</Filter>
    </ClCompile>
    <ClCompile Include="vcseriescollection.cpp">
      <Filter>Source Files</Filter>
    </ClCompile>
    <ClCompile Include="vcseriesmarker.cpp">
      <Filter>Source Files</Filter>
    </ClCompile>
    <ClCompile Include="vcseriesposition.cpp">
      <Filter>Source Files</Filter>
    </ClCompile>
    <ClCompile Include="vcshadow.cpp">
      <Filter>Source Files</Filter>
    </ClCompile>
    <ClCompile Include="vcstatline.cpp">
      <Filter>Source Files</Filter>
    </ClCompile>
    <ClCompile Include="vctextlayout.cpp">
      <Filter>Source Files</Filter>
    </ClCompile>
    <ClCompile Include="vctick.cpp">
      <Filter>Source Files</Filter>
    </ClCompile>
    <ClCompile Include="vctitle.cpp">
      <Filter>Source Files</Filter>
    </ClCompile>
    <ClCompile Include="vcvaluescale.cpp">
      <Filter>Source Files</Filter>
    </ClCompile>
    <ClCompile Include="vcview3d.cpp">
      <Filter>Source Files</Filter>
    </ClCompile>
    <ClCompile Include="vcwall.cpp">
      <Filter>Source Files</Filter>
    </ClCompile>
    <ClCompile Include="vcweighting.cpp">
      <Filter>Source Files</Filter>
    </ClCompile>
    <ClCompile Include="Funciones.h">
      <Filter>Header Files</Filter>
    </ClCompile>
    <ClCompile Include="..\Ultimate Grid\Demos\BindingToArray\MyCUG.cpp">
      <Filter>Ultimate Grid</Filter>
    </ClCompile>
    <ClCompile Include="..\Ultimate Grid\Source\UGCBType.cpp">
      <Filter>Ultimate Grid\Source</Filter>
    </ClCompile>
    <ClCompile Include="..\Ultimate Grid\Source\UGCell.cpp">
      <Filter>Ultimate Grid\Source</Filter>
    </ClCompile>
    <ClCompile Include="..\Ultimate Grid\Source\UGCelTyp.cpp">
      <Filter>Ultimate Grid\Source</Filter>
    </ClCompile>
    <ClCompile Include="..\Ultimate Grid\Source\UGCnrBtn.cpp">
      <Filter>Ultimate Grid\Source</Filter>
    </ClCompile>
    <ClCompile Include="..\Ultimate Grid\Source\UGCTarrw.cpp">
      <Filter>Ultimate Grid\Source</Filter>
    </ClCompile>
    <ClCompile Include="..\Ultimate Grid\Source\UGCtrl.cpp">
      <Filter>Ultimate Grid\Source</Filter>
    </ClCompile>
    <ClCompile Include="..\Ultimate Grid\Source\UGDLType.cpp">
      <Filter>Ultimate Grid\Source</Filter>
    </ClCompile>
    <ClCompile Include="..\Ultimate Grid\Source\UGDrgDrp.cpp">
      <Filter>Ultimate Grid\Source</Filter>
    </ClCompile>
    <ClCompile Include="..\Ultimate Grid\Source\UGDrwHnt.cpp">
      <Filter>Ultimate Grid\Source</Filter>
    </ClCompile>
    <ClCompile Include="..\Ultimate Grid\Source\UGDtaSrc.cpp">
      <Filter>Ultimate Grid\Source</Filter>
    </ClCompile>
    <ClCompile Include="..\Ultimate Grid\Source\UGEdit.cpp">
      <Filter>Ultimate Grid\Source</Filter>
    </ClCompile>
    <ClCompile Include="..\Ultimate Grid\Source\UGEditBase.cpp">
      <Filter>Ultimate Grid\Source</Filter>
    </ClCompile>
    <ClCompile Include="..\Ultimate Grid\Source\ugformat.cpp">
      <Filter>Ultimate Grid\Source</Filter>
    </ClCompile>
    <ClCompile Include="..\Ultimate Grid\Source\uggdinfo.cpp">
      <Filter>Ultimate Grid\Source</Filter>
    </ClCompile>
    <ClCompile Include="..\Ultimate Grid\Source\UGGrid.cpp">
      <Filter>Ultimate Grid\Source</Filter>
    </ClCompile>
    <ClCompile Include="..\Ultimate Grid\Source\UGHint.cpp">
      <Filter>Ultimate Grid\Source</Filter>
    </ClCompile>
    <ClCompile Include="..\Ultimate Grid\Source\ughscrol.cpp">
      <Filter>Ultimate Grid\Source</Filter>
    </ClCompile>
    <ClCompile Include="..\Ultimate Grid\Source\ugLstBox.cpp">
      <Filter>Ultimate Grid\Source</Filter>
    </ClCompile>
    <ClCompile Include="..\Ultimate Grid\Source\UGMEdit.cpp">
      <Filter>Ultimate Grid\Source</Filter>
    </ClCompile>
    <ClCompile Include="..\Ultimate Grid\Source\UGMemMan.cpp">
      <Filter>Ultimate Grid\Source</Filter>
    </ClCompile>
    <ClCompile Include="..\Ultimate Grid\Source\UGMultiS.cpp">
      <Filter>Ultimate Grid\Source</Filter>
    </ClCompile>
    <ClCompile Include="..\Ultimate Grid\Source\ugprint.cpp">
      <Filter>Ultimate Grid\Source</Filter>
    </ClCompile>
    <ClCompile Include="..\Ultimate Grid\Source\ugptrlst.cpp">
      <Filter>Ultimate Grid\Source</Filter>
    </ClCompile>
    <ClCompile Include="..\Ultimate Grid\Source\ugsidehd.cpp">
      <Filter>Ultimate Grid\Source</Filter>
    </ClCompile>
    <ClCompile Include="..\Ultimate Grid\Source\UGStrOp.cpp">
      <Filter>Ultimate Grid\Source</Filter>
    </ClCompile>
    <ClCompile Include="..\Ultimate Grid\Source\ugtab.cpp">
      <Filter>Ultimate Grid\Source</Filter>
    </ClCompile>
    <ClCompile Include="..\Ultimate Grid\Source\UGTopHdg.cpp">
      <Filter>Ultimate Grid\Source</Filter>
    </ClCompile>
    <ClCompile Include="..\Ultimate Grid\Source\ugvscrol.cpp">
      <Filter>Ultimate Grid\Source</Filter>
    </ClCompile>
    <ClCompile Include="..\Ultimate Grid\Source\UGXPThemes.cpp">
      <Filter>Ultimate Grid\Source</Filter>
    </ClCompile>
  </ItemGroup>
  <ItemGroup>
    <ResourceCompile Include="Cache2003.rc">
      <Filter>Source Files</Filter>
    </ResourceCompile>
  </ItemGroup>
  <ItemGroup>
    <ClInclude Include="BuscarDlg.h">
      <Filter>Header Files</Filter>
    </ClInclude>
    <ClInclude Include="Cache2003.h">
      <Filter>Header Files</Filter>
    </ClInclude>
    <ClInclude Include="Cache2003Doc.h">
      <Filter>Header Files</Filter>
    </ClInclude>
    <ClInclude Include="Cache2003View.h">
      <Filter>Header Files</Filter>
    </ClInclude>
    <ClInclude Include="ColoresDlg.h">
      <Filter>Header Files</Filter>
    </ClInclude>
    <ClInclude Include="Datos.h">
      <Filter>Header Files</Filter>
    </ClInclude>
    <ClInclude Include="DatosDlg.h">
      <Filter>Header Files</Filter>
    </ClInclude>
    <ClInclude Include="DireccionDlg.h">
      <Filter>Header Files</Filter>
    </ClInclude>
    <ClInclude Include="EscrituraDlg.h">
      <Filter>Header Files</Filter>
    </ClInclude>
    <ClInclude Include="EstadisticasDlg.h">
      <Filter>Header Files</Filter>
    </ClInclude>
    <ClInclude Include="font.h">
      <Filter>Header Files</Filter>
    </ClInclude>
    <ClInclude Include="MainFrm.h">
      <Filter>Header Files</Filter>
    </ClInclude>
    <ClInclude Include="MemoriasDlg.h">
      <Filter>Header Files</Filter>
    </ClInclude>
    <ClInclude Include="mschart.h">
      <Filter>Header Files</Filter>
    </ClInclude>
    <ClInclude Include="msflexgrid.h">
      <Filter>Header Files</Filter>
    </ClInclude>
    <ClInclude Include="Parametros.h">
      <Filter>Header Files</Filter>
    </ClInclude>
    <ClInclude Include="PoliticasDlg.h">
      <Filter>Header Files</Filter>
    </ClInclude>
    <ClInclude Include="Secuencia.h">
      <Filter>Header Files</Filter>
    </ClInclude>
    <ClInclude Include="SimulacionDlg.h">
      <Filter>Header Files</Filter>
    </ClInclude>
    <ClInclude Include="Splash.h">
      <Filter>Header Files</Filter>
    </ClInclude>
    <ClInclude Include="StdAfx.h">
      <Filter>Header Files</Filter>
    </ClInclude>
    <ClInclude Include="TiemposDlg.h">
      <Filter>Header Files</Filter>
    </ClInclude>
    <ClInclude Include="vcaxis.h">
      <Filter>Header Files</Filter>
    </ClInclude>
    <ClInclude Include="vcaxisgrid.h">
      <Filter>Header Files</Filter>
    </ClInclude>
    <ClInclude Include="vcaxisscale.h">
      <Filter>Header Files</Filter>
    </ClInclude>
    <ClInclude Include="vcaxistitle.h">
      <Filter>Header Files</Filter>
    </ClInclude>
    <ClInclude Include="vcbackdrop.h">
      <Filter>Header Files</Filter>
    </ClInclude>
    <ClInclude Include="vcbrush.h">
      <Filter>Header Files</Filter>
    </ClInclude>
    <ClInclude Include="vccategoryscale.h">
      <Filter>Header Files</Filter>
    </ClInclude>
    <ClInclude Include="vccolor.h">
      <Filter>Header Files</Filter>
    </ClInclude>
    <ClInclude Include="vccoor.h">
      <Filter>Header Files</Filter>
    </ClInclude>
    <ClInclude Include="vcdatagrid.h">
      <Filter>Header Files</Filter>
    </ClInclude>
    <ClInclude Include="vcdatapoint.h">
      <Filter>Header Files</Filter>
    </ClInclude>
    <ClInclude Include="vcdatapointlabel.h">
      <Filter>Header Files</Filter>
    </ClInclude>
    <ClInclude Include="vcdatapoints.h">
      <Filter>Header Files</Filter>
    </ClInclude>
    <ClInclude Include="vcfill.h">
      <Filter>Header Files</Filter>
    </ClInclude>
    <ClInclude Include="vcfont.h">
      <Filter>Header Files</Filter>
    </ClInclude>
    <ClInclude Include="vcfootnote.h">
      <Filter>Header Files</Filter>
    </ClInclude>
    <ClInclude Include="vcframe.h">
      <Filter>Header Files</Filter>
    </ClInclude>
    <ClInclude Include="vcintersection.h">
      <Filter>Header Files</Filter>
    </ClInclude>
    <ClInclude Include="vclabel.h">
      <Filter>Header Files</Filter>
    </ClInclude>
    <ClInclude Include="vclabels.h">
      <Filter>Header Files</Filter>
    </ClInclude>
    <ClInclude Include="vclcoor.h">
      <Filter>Header Files</Filter>
    </ClInclude>
    <ClInclude Include="vclegend.h">
      <Filter>Header Files</Filter>
    </ClInclude>
    <ClInclude Include="vclight.h">
      <Filter>Header Files</Filter>
    </ClInclude>
    <ClInclude Include="vclightsource.h">
      <Filter>Header Files</Filter>
    </ClInclude>
    <ClInclude Include="vclightsources.h">
      <Filter>Header Files</Filter>
    </ClInclude>
    <ClInclude Include="vclocation.h">
      <Filter>Header Files</Filter>
    </ClInclude>
    <ClInclude Include="vcmarker.h">
      <Filter>Header Files</Filter>
    </ClInclude>
    <ClInclude Include="vcpen.h">
      <Filter>Header Files</Filter>
    </ClInclude>
    <ClInclude Include="vcplot.h">
      <Filter>Header Files</Filter>
    </ClInclude>
    <ClInclude Include="vcplotbase.h">
      <Filter>Header Files</Filter>
    </ClInclude>
    <ClInclude Include="vcrect.h">
      <Filter>Header Files</Filter>
    </ClInclude>
    <ClInclude Include="vcseries.h">
      <Filter>Header Files</Filter>
    </ClInclude>
    <ClInclude Include="vcseriescollection.h">
      <Filter>Header Files</Filter>
    </ClInclude>
    <ClInclude Include="vcseriesmarker.h">
      <Filter>Header Files</Filter>
    </ClInclude>
    <ClInclude Include="vcseriesposition.h">
      <Filter>Header Files</Filter>
    </ClInclude>
    <ClInclude Include="vcshadow.h">
      <Filter>Header Files</Filter>
    </ClInclude>
    <ClInclude Include="vcstatline.h">
      <Filter>Header Files</Filter>
    </ClInclude>
    <ClInclude Include="vctextlayout.h">
      <Filter>Header Files</Filter>
    </ClInclude>
    <ClInclude Include="vctick.h">
      <Filter>Header Files</Filter>
    </ClInclude>
    <ClInclude Include="vctitle.h">
      <Filter>Header Files</Filter>
    </ClInclude>
    <ClInclude Include="vcvaluescale.h">
      <Filter>Header Files</Filter>
    </ClInclude>
    <ClInclude Include="vcview3d.h">
      <Filter>Header Files</Filter>
    </ClInclude>
    <ClInclude Include="vcwall.h">
      <Filter>Header Files</Filter>
    </ClInclude>
    <ClInclude Include="vcweighting.h">
      <Filter>Header Files</Filter>
    </ClInclude>
    <ClInclude Include="..\Ultimate Grid\Demos\BindingToArray\MyCUG.h">
      <Filter>Ultimate Grid</Filter>
    </ClInclude>
    <ClInclude Include="..\Ultimate Grid\Include\UG64Bit.h">
      <Filter>Ultimate Grid\Include</Filter>
    </ClInclude>
    <ClInclude Include="..\Ultimate Grid\Include\UGCBType.h">
      <Filter>Ultimate Grid\Include</Filter>
    </ClInclude>
    <ClInclude Include="..\Ultimate Grid\Include\UGCell.h">
      <Filter>Ultimate Grid\Include</Filter>
    </ClInclude>
    <ClInclude Include="..\Ultimate Grid\Include\ugceltyp.h">
      <Filter>Ultimate Grid\Include</Filter>
    </ClInclude>
    <ClInclude Include="..\Ultimate Grid\Include\UGCnrBtn.h">
      <Filter>Ultimate Grid\Include</Filter>
    </ClInclude>
    <ClInclude Include="..\Ultimate Grid\Include\UGCTarrw.h">
      <Filter>Ultimate Grid\Include</Filter>
    </ClInclude>
    <ClInclude Include="..\Ultimate Grid\Include\ugdefine.h">
      <Filter>Ultimate Grid\Include</Filter>
    </ClInclude>
    <ClInclude Include="..\Ultimate Grid\Include\UGDLType.h">
      <Filter>Ultimate Grid\Include</Filter>
    </ClInclude>
    <ClInclude Include="..\Ultimate Grid\Include\UGDrgDrp.h">
      <Filter>Ultimate Grid\Include</Filter>
    </ClInclude>
    <ClInclude Include="..\Ultimate Grid\Include\UGDrwHnt.h">
      <Filter>Ultimate Grid\Include</Filter>
    </ClInclude>
    <ClInclude Include="..\Ultimate Grid\Include\UGDtaSrc.h">
      <Filter>Ultimate Grid\Include</Filter>
    </ClInclude>
    <ClInclude Include="..\Ultimate Grid\Include\UGEdit.h">
      <Filter>Ultimate Grid\Include</Filter>
    </ClInclude>
    <ClInclude Include="..\Ultimate Grid\Include\UGEditBase.h">
      <Filter>Ultimate Grid\Include</Filter>
    </ClInclude>
    <ClInclude Include="..\Ultimate Grid\Include\ugformat.h">
      <Filter>Ultimate Grid\Include</Filter>
    </ClInclude>
    <ClInclude Include="..\Ultimate Grid\Include\uggdinfo.h">
      <Filter>Ultimate Grid\Include</Filter>
    </ClInclude>
    <ClInclude Include="..\Ultimate Grid\Include\UGGrid.h">
      <Filter>Ultimate Grid\Include</Filter>
    </ClInclude>
    <ClInclude Include="..\Ultimate Grid\Include\UGHint.h">
      <Filter>Ultimate Grid\Include</Filter>
    </ClInclude>
    <ClInclude Include="..\Ultimate Grid\Include\ughscrol.h">
      <Filter>Ultimate Grid\Include</Filter>
    </ClInclude>
    <ClInclude Include="..\Ultimate Grid\Include\uglstbox.h">
      <Filter>Ultimate Grid\Include</Filter>
    </ClInclude>
    <ClInclude Include="..\Ultimate Grid\Include\UGMEdit.h">
      <Filter>Ultimate Grid\Include</Filter>
    </ClInclude>
    <ClInclude Include="..\Ultimate Grid\Include\UGMemMan.h">
      <Filter>Ultimate Grid\Include</Filter>
    </ClInclude>
    <ClInclude Include="..\Ultimate Grid\Include\UGMultiS.h">
      <Filter>Ultimate Grid\Include</Filter>
    </ClInclude>
    <ClInclude Include="..\Ultimate Grid\Include\ugprint.h">
      <Filter>Ultimate Grid\Include</Filter>
    </ClInclude>
    <ClInclude Include="..\Ultimate Grid\Include\ugptrlst.h">
      <Filter>Ultimate Grid\Include</Filter>
    </ClInclude>
    <ClInclude Include="..\Ultimate Grid\Include\ugsidehd.h">
      <Filter>Ultimate Grid\Include</Filter>
    </ClInclude>
    <ClInclude Include="..\Ultimate Grid\Include\UGStrOp.h">
      <Filter>Ultimate Grid\Include</Filter>
    </ClInclude>
    <ClInclude Include="..\Ultimate Grid\Include\ugstruct.h">
      <Filter>Ultimate Grid\Include</Filter>
    </ClInclude>
    <ClInclude Include="..\Ultimate Grid\Include\ugtab.h">
      <Filter>Ultimate Grid\Include</Filter>
    </ClInclude>
    <ClInclude Include="..\Ultimate Grid\Include\UGTopHdg.h">
      <Filter>Ultimate Grid\Include</Filter>
    </ClInclude>
    <ClInclude Include="..\Ultimate Grid\Include\ugvscrol.h">
      <Filter>Ultimate Grid\Include</Filter>
    </ClInclude>
    <ClInclude Include="..\Ultimate Grid\Include\ugxpthemes.h">
      <Filter>Ultimate Grid\Include</Filter>
    </ClInclude>
    <ClInclude Include="..\Ultimate Grid\Include\UGCtrl.h">
      <Filter>Ultimate Grid\Include</Filter>
    </ClInclude>
  </ItemGroup>
  <ItemGroup>
    <Image Include="res\ARW01RT.ICO">
      <Filter>Resource Files</Filter>
    </Image>
    <Image Include="res\ARW02DN.ICO">
      <Filter>Resource Files</Filter>
    </Image>
    <Image Include="res\ARW02LT.ICO">
      <Filter>Resource Files</Filter>
    </Image>
    <Image Include="res\ARW02RT.ICO">
      <Filter>Resource Files</Filter>
    </Image>
    <Image Include="res\ARW02UP.ICO">
      <Filter>Resource Files</Filter>
    </Image>
    <Image Include="res\ARW04DN.ICO">
      <Filter>Resource Files</Filter>
    </Image>
    <Image Include="res\ARW04LT.ICO">
      <Filter>Resource Files</Filter>
    </Image>
    <Image Include="res\ARW04RT.ICO">
      <Filter>Resource Files</Filter>
    </Image>
    <Image Include="res\ARW04UP.ICO">
      <Filter>Resource Files</Filter>
    </Image>
    <Image Include="res\BINOCULR.ICO">
      <Filter>Resource Files</Filter>
    </Image>
    <Image Include="res\bmp00001.bmp">
      <Filter>Resource Files</Filter>
    </Image>
    <Image Include="res\bmp00002.bmp">
      <Filter>Resource Files</Filter>
    </Image>
    <Image Include="res\BULLSEYE.ICO">
      <Filter>Resource Files</Filter>
    </Image>
    <Image Include="res\Cache2003.ico">
      <Filter>Resource Files</Filter>
    </Image>
    <Image Include="res\Cache2003Doc.ico">
      <Filter>Resource Files</Filter>
    </Image>
    <Image Include="res\CLOCK02.ICO">
      <Filter>Resource Files</Filter>
    </Image>
    <Image Include="res\etiqueta.ico">
      <Filter>Resource Files</Filter>
    </Image>
    <Image Include="res\EYE.ICO">
      <Filter>Resource Files</Filter>
    </Image>
    <Image Include="res\GRAPH07.ICO">
      <Filter>Resource Files</Filter>
    </Image>
    <Image Include="res\ico00001.ico">
      <Filter>Resource Files</Filter>
    </Image>
    <Image Include="res\ico00002.ico">
      <Filter>Resource Files</Filter>
    </Image>
    <Image Include="res\ico00003.ico">
      <Filter>Resource Files</Filter>
    </Image>
    <Image Include="res\icon1.ico">
      <Filter>Resource Files</Filter>
    </Image>
    <Image Include="res\icon2.ico">
      <Filter>Resource Files</Filter>
    </Image>
    <Image Include="res\MISC15.ICO">
      <Filter>Resource Files</Filter>
    </Image>
    <Image Include="res\MISC18.ICO">
      <Filter>Resource Files</Filter>
    </Image>
    <Image Include="res\MISC22.ICO">
      <Filter>Resource Files</Filter>
    </Image>
    <Image Include="res\MISC25.ICO">
      <Filter>Resource Files</Filter>
    </Image>
    <Image Include="res\NOTE14.ICO">
      <Filter>Resource Files</Filter>
    </Image>
    <Image Include="res\PC02.ICO">
      <Filter>Resource Files</Filter>
    </Image>
    <Image Include="Splsh16.bmp">
      <Filter>Resource Files</Filter>
    </Image>
    <Image Include="res\Toolbar.bmp">
      <Filter>Resource Files</Filter>
    </Image>
    <Image Include="res\toolbar1.bmp">
      <Filter>Resource Files</Filter>
    </Image>
    <Image Include="res\TRFFC17.ICO">
      <Filter>Resource Files</Filter>
    </Image>
  </ItemGroup>
  <ItemGroup>
    <Text Include="ReadMe.txt" />
  </ItemGroup>
  <ItemGroup>
    <CustomBuild Include="Resource.h">
      <Filter>Header Files</Filter>
    </CustomBuild>
    <CustomBuild Include="res\Cache2003.rc2">
      <Filter>Resource Files</Filter>
    </CustomBuild>
    <CustomBuild Include="Cache2003.reg" />
  </ItemGroup>
  <ItemGroup>
    <None Include="ClassDiagram.cd" />
  </ItemGroup>
</Project>